PODS:
  - AsyncSwift (2.0.0)
  - CocoaLumberjack (2.4.0):
    - CocoaLumberjack/Default (= 2.4.0)
    - CocoaLumberjack/Extensions (= 2.4.0)
  - CocoaLumberjack/Core (2.4.0)
  - CocoaLumberjack/Default (2.4.0):
    - CocoaLumberjack/Core
  - CocoaLumberjack/Extensions (2.4.0):
    - CocoaLumberjack/Default
  - Crashlytics (3.8.2):
    - Fabric (~> 1.6.3)
  - DACircularProgress (2.3.1)
  - Dropbox-Sync-API-SDK (3.1.2)
  - Fabric (1.6.8)
  - GRMustache (7.3.2):
    - JRSwizzle (~> 1.0)
  - hoedown (3.0.3):
    - hoedown/standard (= 3.0.3)
  - hoedown/standard (3.0.3)
  - IDMPhotoBrowser (1.8.4):
    - DACircularProgress
    - pop
    - SDWebImage
  - JRSwizzle (1.0)
  - MRProgress (0.8.3):
    - MRProgress/ActivityIndicator (= 0.8.3)
    - MRProgress/Blur (= 0.8.3)
    - MRProgress/Circular (= 0.8.3)
    - MRProgress/Icons (= 0.8.3)
    - MRProgress/NavigationBarProgress (= 0.8.3)
    - MRProgress/Overlay (= 0.8.3)
  - MRProgress/ActivityIndicator (0.8.3):
    - MRProgress/Stopable
  - MRProgress/Blur (0.8.3):
    - MRProgress/Helper
  - MRProgress/Circular (0.8.3):
    - MRProgress/Helper
    - MRProgress/ProgressBaseClass
    - MRProgress/Stopable
  - MRProgress/Helper (0.8.3)
  - MRProgress/Icons (0.8.3)
  - MRProgress/NavigationBarProgress (0.8.3):
    - MRProgress/ProgressBaseClass
  - MRProgress/Overlay (0.8.3):
    - MRProgress/ActivityIndicator
    - MRProgress/Blur
    - MRProgress/Circular
    - MRProgress/Helper
    - MRProgress/Icons
  - MRProgress/ProgressBaseClass (0.8.3)
  - MRProgress/Stopable (0.8.3):
    - MRProgress/Helper
  - pop (1.0.9)
  - Reachability (3.2)
  - RESideMenu (4.0.7)
  - RFKeyboardToolbar (1.3)
  - RFMarkdownTextView (1.4):
    - RFKeyboardToolbar
  - SDWebImage (3.8.2):
    - SDWebImage/Core (= 3.8.2)
  - SDWebImage/Core (3.8.2)
  - STKWebKitViewController (0.5.0)
  - TUSafariActivity (1.0.4)
  - ViewUtils (1.1.2)
  - YapDatabase (2.9.2):
    - YapDatabase/Standard (= 2.9.2)
  - YapDatabase/Standard (2.9.2):
    - YapDatabase/Standard/Core (= 2.9.2)
    - YapDatabase/Standard/Extensions (= 2.9.2)
  - YapDatabase/Standard/Core (2.9.2):
    - CocoaLumberjack (~> 2)
  - YapDatabase/Standard/Extensions (2.9.2):
    - YapDatabase/Standard/Core
    - YapDatabase/Standard/Extensions/ActionManager (= 2.9.2)
    - YapDatabase/Standard/Extensions/CloudKit (= 2.9.2)
    - YapDatabase/Standard/Extensions/ConnectionProxy (= 2.9.2)
    - YapDatabase/Standard/Extensions/CrossProcessNotification (= 2.9.2)
    - YapDatabase/Standard/Extensions/FilteredViews (= 2.9.2)
    - YapDatabase/Standard/Extensions/FullTextSearch (= 2.9.2)
    - YapDatabase/Standard/Extensions/Hooks (= 2.9.2)
    - YapDatabase/Standard/Extensions/Relationships (= 2.9.2)
    - YapDatabase/Standard/Extensions/RTreeIndex (= 2.9.2)
    - YapDatabase/Standard/Extensions/SearchResults (= 2.9.2)
    - YapDatabase/Standard/Extensions/SecondaryIndex (= 2.9.2)
    - YapDatabase/Standard/Extensions/Views (= 2.9.2)
  - YapDatabase/Standard/Extensions/ActionManager (2.9.2):
    - Reachability (~> 3)
    - YapDatabase/Standard/Core
    - YapDatabase/Standard/Extensions/Views
  - YapDatabase/Standard/Extensions/CloudKit (2.9.2):
    - YapDatabase/Standard/Core
  - YapDatabase/Standard/Extensions/ConnectionProxy (2.9.2):
    - YapDatabase/Standard/Core
  - YapDatabase/Standard/Extensions/CrossProcessNotification (2.9.2):
    - YapDatabase/Standard/Core
  - YapDatabase/Standard/Extensions/FilteredViews (2.9.2):
    - YapDatabase/Standard/Core
    - YapDatabase/Standard/Extensions/Views
  - YapDatabase/Standard/Extensions/FullTextSearch (2.9.2):
    - YapDatabase/Standard/Core
  - YapDatabase/Standard/Extensions/Hooks (2.9.2):
    - YapDatabase/Standard/Core
  - YapDatabase/Standard/Extensions/Relationships (2.9.2):
    - YapDatabase/Standard/Core
  - YapDatabase/Standard/Extensions/RTreeIndex (2.9.2):
    - YapDatabase/Standard/Core
  - YapDatabase/Standard/Extensions/SearchResults (2.9.2):
    - YapDatabase/Standard/Core
    - YapDatabase/Standard/Extensions/FullTextSearch
    - YapDatabase/Standard/Extensions/Views
  - YapDatabase/Standard/Extensions/SecondaryIndex (2.9.2):
    - YapDatabase/Standard/Core
  - YapDatabase/Standard/Extensions/Views (2.9.2):
    - YapDatabase/Standard/Core

DEPENDENCIES:
  - AsyncSwift
  - Crashlytics
  - Dropbox-Sync-API-SDK
  - Fabric
  - GRMustache (from `https://github.com/landakram/GRMustache.git`)
  - hoedown
  - IDMPhotoBrowser
  - MRProgress
  - RESideMenu
  - RFMarkdownTextView (from `~/Documents/code/Memex/RFMarkdownTextView`)
  - STKWebKitViewController
  - TUSafariActivity
  - ViewUtils
  - YapDatabase

EXTERNAL SOURCES:
  GRMustache:
    :git: https://github.com/landakram/GRMustache.git
  RFMarkdownTextView:
    :path: ~/Documents/code/Memex/RFMarkdownTextView

CHECKOUT OPTIONS:
  GRMustache:
    :commit: 47124e76a08400203c4082a7f02acdedddfbfa6d
    :git: https://github.com/landakram/GRMustache.git

SPEC CHECKSUMS:
  AsyncSwift: 6ba6ed9ecb51344458063f7c86fe447ab824e313
  CocoaLumberjack: aa9dcab71bdf9eaf2a63bbd9ddc87863efe45457
  Crashlytics: 27acca95a01b042a8294291dd6dff27f8f6af6d7
  DACircularProgress: 4dd437c0fc3da5161cb289e07ac449493d41db71
  Dropbox-Sync-API-SDK: 92652bd663984740f963ba228864542711eda148
  Fabric: 5755268d0171435ab167e3d0878a28a777deaf10
  GRMustache: ebe6104fd30a6d22c1f36af131e19e2dbf7cd292
  hoedown: c1327bbbc96d269595ed86bf97f1d09867ec7529
  IDMPhotoBrowser: b574fe3229754e701f32df271afbc4ac7e4e1997
  JRSwizzle: dd5ead5d913a0f29e7f558200165849f006bb1e3
  MRProgress: 16de7cc9f347e8846797a770db102a323fe7ef09
  pop: f667631a5108a2e60d9e8797c9b32ddaf2080bce
  Reachability: 33e18b67625424e47b6cde6d202dce689ad7af96
  RESideMenu: f24c508404b49c667344c54aba7e590883533958
  RFKeyboardToolbar: c96a7d9458564d1fedc8ef6844b6c467934aade2
  RFMarkdownTextView: 390e011bedf4b4296a3510aa8b89895d642cd9e8
  SDWebImage: 098e97e6176540799c27e804c96653ee0833d13c
  STKWebKitViewController: 1371f39e5f697de11aa091064eeed6eb515a2511
  TUSafariActivity: afc55a00965377939107ce4fdc7f951f62454546
  ViewUtils: 68e42c708a4b3912e39691cef5080282dc5013fb
  YapDatabase: b1e43555a34a5298e23a045be96817a5ef0da58f

PODFILE CHECKSUM: 0ddd93e201e0867ed47b6943040d3bf13a86b1d6

COCOAPODS: 1.0.1
