PODS:
  - Alamofire (4.0.1)
  - AMScrollingNavbar (3.3.2)
  - CocoaLumberjack (2.4.0):
    - CocoaLumberjack/Default (= 2.4.0)
    - CocoaLumberjack/Extensions (= 2.4.0)
  - CocoaLumberjack/Core (2.4.0)
  - CocoaLumberjack/Default (2.4.0):
    - CocoaLumberjack/Core
  - CocoaLumberjack/Extensions (2.4.0):
    - CocoaLumberjack/Default
  - Crashlytics (3.8.2):
    - Fabric (~> 1.6.3)
  - DACircularProgress (2.3.1)
  - Fabric (1.6.8)
  - FileKit (4.0.0)
  - GRMustache (7.3.2):
    - JRSwizzle (~> 1.0)
  - hoedown (3.0.3):
    - hoedown/standard (= 3.0.3)
  - hoedown/standard (3.0.3)
  - IDMPhotoBrowser (1.8.4):
    - DACircularProgress
    - pop
    - SDWebImage
  - JRSwizzle (1.0)
  - MRProgress (0.8.3):
    - MRProgress/ActivityIndicator (= 0.8.3)
    - MRProgress/Blur (= 0.8.3)
    - MRProgress/Circular (= 0.8.3)
    - MRProgress/Icons (= 0.8.3)
    - MRProgress/NavigationBarProgress (= 0.8.3)
    - MRProgress/Overlay (= 0.8.3)
  - MRProgress/ActivityIndicator (0.8.3):
    - MRProgress/Stopable
  - MRProgress/Blur (0.8.3):
    - MRProgress/Helper
  - MRProgress/Circular (0.8.3):
    - MRProgress/Helper
    - MRProgress/ProgressBaseClass
    - MRProgress/Stopable
  - MRProgress/Helper (0.8.3)
  - MRProgress/Icons (0.8.3)
  - MRProgress/NavigationBarProgress (0.8.3):
    - MRProgress/ProgressBaseClass
  - MRProgress/Overlay (0.8.3):
    - MRProgress/ActivityIndicator
    - MRProgress/Blur
    - MRProgress/Circular
    - MRProgress/Helper
    - MRProgress/Icons
  - MRProgress/ProgressBaseClass (0.8.3)
  - MRProgress/Stopable (0.8.3):
    - MRProgress/Helper
  - Nimble (7.0.0)
  - Notepad (0.2.4)
  - pop (1.0.9)
  - Quick (1.1.0)
  - Reachability (3.2)
  - RFKeyboardToolbar (1.3)
  - RxBlocking (3.4.1):
    - RxSwift (~> 3.4)
  - RxCocoa (3.4.1):
    - RxSwift (~> 3.4)
  - RxSwift (3.4.1)
  - RxSwiftExt (2.4.1):
    - RxSwiftExt/Core (= 2.4.1)
  - RxSwiftExt/Core (2.4.1):
    - RxSwift (~> 3.4)
  - RxTest (3.4.1):
    - RxSwift (~> 3.4)
  - SDWebImage (3.8.2):
    - SDWebImage/Core (= 3.8.2)
  - SDWebImage/Core (3.8.2)
  - STKWebKitViewController (0.5.0)
  - SwiftyDropbox (4.1.1):
    - Alamofire (~> 4.0.1)
  - TUSafariActivity (1.0.4)
  - ViewUtils (1.1.2)
  - Whisper (5.0.0)
  - YapDatabase (2.9.2):
    - YapDatabase/Standard (= 2.9.2)
  - YapDatabase/Standard (2.9.2):
    - YapDatabase/Standard/Core (= 2.9.2)
    - YapDatabase/Standard/Extensions (= 2.9.2)
  - YapDatabase/Standard/Core (2.9.2):
    - CocoaLumberjack (~> 2)
  - YapDatabase/Standard/Extensions (2.9.2):
    - YapDatabase/Standard/Core
    - YapDatabase/Standard/Extensions/ActionManager (= 2.9.2)
    - YapDatabase/Standard/Extensions/CloudKit (= 2.9.2)
    - YapDatabase/Standard/Extensions/ConnectionProxy (= 2.9.2)
    - YapDatabase/Standard/Extensions/CrossProcessNotification (= 2.9.2)
    - YapDatabase/Standard/Extensions/FilteredViews (= 2.9.2)
    - YapDatabase/Standard/Extensions/FullTextSearch (= 2.9.2)
    - YapDatabase/Standard/Extensions/Hooks (= 2.9.2)
    - YapDatabase/Standard/Extensions/Relationships (= 2.9.2)
    - YapDatabase/Standard/Extensions/RTreeIndex (= 2.9.2)
    - YapDatabase/Standard/Extensions/SearchResults (= 2.9.2)
    - YapDatabase/Standard/Extensions/SecondaryIndex (= 2.9.2)
    - YapDatabase/Standard/Extensions/Views (= 2.9.2)
  - YapDatabase/Standard/Extensions/ActionManager (2.9.2):
    - Reachability (~> 3)
    - YapDatabase/Standard/Core
    - YapDatabase/Standard/Extensions/Views
  - YapDatabase/Standard/Extensions/CloudKit (2.9.2):
    - YapDatabase/Standard/Core
  - YapDatabase/Standard/Extensions/ConnectionProxy (2.9.2):
    - YapDatabase/Standard/Core
  - YapDatabase/Standard/Extensions/CrossProcessNotification (2.9.2):
    - YapDatabase/Standard/Core
  - YapDatabase/Standard/Extensions/FilteredViews (2.9.2):
    - YapDatabase/Standard/Core
    - YapDatabase/Standard/Extensions/Views
  - YapDatabase/Standard/Extensions/FullTextSearch (2.9.2):
    - YapDatabase/Standard/Core
  - YapDatabase/Standard/Extensions/Hooks (2.9.2):
    - YapDatabase/Standard/Core
  - YapDatabase/Standard/Extensions/Relationships (2.9.2):
    - YapDatabase/Standard/Core
  - YapDatabase/Standard/Extensions/RTreeIndex (2.9.2):
    - YapDatabase/Standard/Core
  - YapDatabase/Standard/Extensions/SearchResults (2.9.2):
    - YapDatabase/Standard/Core
    - YapDatabase/Standard/Extensions/FullTextSearch
    - YapDatabase/Standard/Extensions/Views
  - YapDatabase/Standard/Extensions/SecondaryIndex (2.9.2):
    - YapDatabase/Standard/Core
  - YapDatabase/Standard/Extensions/Views (2.9.2):
    - YapDatabase/Standard/Core

DEPENDENCIES:
  - AMScrollingNavbar
  - Crashlytics
  - Fabric
  - FileKit (from `https://github.com/landakram/FileKit.git`, branch `set-modification-date`)
  - GRMustache (from `https://github.com/landakram/GRMustache.git`)
  - hoedown
  - IDMPhotoBrowser
  - MRProgress
  - Nimble
  - Notepad (from `https://github.com/landakram/Notepad.git`, branch `theme-path`)
  - Quick
  - RFKeyboardToolbar
  - RxBlocking (~> 3.0)
  - RxCocoa (~> 3.0)
  - RxSwift (~> 3.0)
  - RxSwiftExt
  - RxTest (~> 3.0)
  - STKWebKitViewController
  - SwiftyDropbox
  - TUSafariActivity
  - ViewUtils
  - Whisper
  - YapDatabase

EXTERNAL SOURCES:
  FileKit:
    :branch: set-modification-date
    :git: https://github.com/landakram/FileKit.git
  GRMustache:
    :git: https://github.com/landakram/GRMustache.git
  Notepad:
    :branch: theme-path
    :git: https://github.com/landakram/Notepad.git

CHECKOUT OPTIONS:
  FileKit:
    :commit: 3485db024534aaa8a2db9ba0f57d5cfda91b3daa
    :git: https://github.com/landakram/FileKit.git
  GRMustache:
    :commit: 47124e76a08400203c4082a7f02acdedddfbfa6d
    :git: https://github.com/landakram/GRMustache.git
  Notepad:
    :commit: e13f630b519a1209a2900d6bfb715d8dc4e0f26c
    :git: https://github.com/landakram/Notepad.git

SPEC CHECKSUMS:
  Alamofire: 7682d43245de14874acd142ec137b144aa1dd335
  AMScrollingNavbar: a46dd0c06ac40d0e7f9a60bc9b707158a9c5e07c
  CocoaLumberjack: aa9dcab71bdf9eaf2a63bbd9ddc87863efe45457
  Crashlytics: 27acca95a01b042a8294291dd6dff27f8f6af6d7
  DACircularProgress: 4dd437c0fc3da5161cb289e07ac449493d41db71
  Fabric: 5755268d0171435ab167e3d0878a28a777deaf10
  FileKit: 2589d0393b3bfdc599c2ba6e41419be6db4279e0
  GRMustache: ebe6104fd30a6d22c1f36af131e19e2dbf7cd292
  hoedown: c1327bbbc96d269595ed86bf97f1d09867ec7529
  IDMPhotoBrowser: b574fe3229754e701f32df271afbc4ac7e4e1997
  JRSwizzle: dd5ead5d913a0f29e7f558200165849f006bb1e3
  MRProgress: 16de7cc9f347e8846797a770db102a323fe7ef09
  Nimble: 874982b605d4d752fcac6be695d13c502de84b1b
  Notepad: 7ec64c12df61edfb611a795fe9bdfe3faeeb7940
  pop: f667631a5108a2e60d9e8797c9b32ddaf2080bce
  Quick: dafc587e21eed9f4cab3249b9f9015b0b7a7f71d
  Reachability: 33e18b67625424e47b6cde6d202dce689ad7af96
  RFKeyboardToolbar: c96a7d9458564d1fedc8ef6844b6c467934aade2
  RxBlocking: 1e8c41cfe7ca2fc0e19d0e616c553845c63cbbd3
  RxCocoa: a8a5f1d061d0043e28f56976829f31ce63e8eb09
  RxSwift: 656f8fbeca5bc372121a72d9ebdd3cd3bc0ffade
  RxSwiftExt: 72278e4a84f35324a82a8dd359859782706576a6
  RxTest: a6fd6e4069face7c6488f96f6c42296b3e44db48
  SDWebImage: 098e97e6176540799c27e804c96653ee0833d13c
  STKWebKitViewController: 1371f39e5f697de11aa091064eeed6eb515a2511
  SwiftyDropbox: dfcd4d308d32d74729255b48833db61acdfb9c23
  TUSafariActivity: afc55a00965377939107ce4fdc7f951f62454546
  ViewUtils: 68e42c708a4b3912e39691cef5080282dc5013fb
  Whisper: 051f25e704bf8992641ffd28b20d5682ddc5f5d3
  YapDatabase: b1e43555a34a5298e23a045be96817a5ef0da58f

COCOAPODS: 1.1.1

PODFILE CHECKSUM: 9b328b705a044393188249bd20958fc610284ade
