// !$*UTF8*$!
{
	archiveVersion = 1;
	classes = {
	};
	objectVersion = 46;
	objects = {

/* Begin PBXBuildFile section */
		04EF104C94000844A71F9864 /* Pods_Kiwi.framework in Frameworks */ = {isa = PBXBuildFile; fileRef = AD79D7D964F571A34FFDEB40 /* Pods_Kiwi.framework */; };
		4D0378111AA881BA00B6D841 /* links.js in Resources */ = {isa = PBXBuildFile; fileRef = 4D0378101AA881BA00B6D841 /* links.js */; };
		4D0378131AA88EA600B6D841 /* writing_with_kiwi.md in Sources */ = {isa = PBXBuildFile; fileRef = 4D0378121AA88EA600B6D841 /* writing_with_kiwi.md */; };
		4D0378141AA88F9B00B6D841 /* writing_with_kiwi.md in Resources */ = {isa = PBXBuildFile; fileRef = 4D0378121AA88EA600B6D841 /* writing_with_kiwi.md */; };
		4D0C3BAF1B86FEC700E58333 /* Constants.swift in Sources */ = {isa = PBXBuildFile; fileRef = 4D0C3BAE1B86FEC700E58333 /* Constants.swift */; };
		4D26DBB81AB6B51A007CE00E /* YapDatabase.swift in Sources */ = {isa = PBXBuildFile; fileRef = 4D26DBB71AB6B51A007CE00E /* YapDatabase.swift */; };
		4D26DBBA1ABD4002007CE00E /* home@2x.png in Resources */ = {isa = PBXBuildFile; fileRef = 4D26DBB91ABD4002007CE00E /* home@2x.png */; };
		4D2AAC201A9DA30300E0904B /* AppDelegate.swift in Sources */ = {isa = PBXBuildFile; fileRef = 4D2AAC1F1A9DA30300E0904B /* AppDelegate.swift */; };
		4D2AAC221A9DA30300E0904B /* LinkWithDropboxViewController.swift in Sources */ = {isa = PBXBuildFile; fileRef = 4D2AAC211A9DA30300E0904B /* LinkWithDropboxViewController.swift */; };
		4D2AAC251A9DA30300E0904B /* Main.storyboard in Resources */ = {isa = PBXBuildFile; fileRef = 4D2AAC231A9DA30300E0904B /* Main.storyboard */; };
		4D2AAC271A9DA30300E0904B /* Images.xcassets in Resources */ = {isa = PBXBuildFile; fileRef = 4D2AAC261A9DA30300E0904B /* Images.xcassets */; };
		4D2AAC2A1A9DA30300E0904B /* LaunchScreen.xib in Resources */ = {isa = PBXBuildFile; fileRef = 4D2AAC281A9DA30300E0904B /* LaunchScreen.xib */; };
		4D2AAC361A9DA30300E0904B /* KiwiTests.swift in Sources */ = {isa = PBXBuildFile; fileRef = 4D2AAC351A9DA30300E0904B /* KiwiTests.swift */; };
		4D36BA621DD1980E00C9408F /* Filesystem.swift in Sources */ = {isa = PBXBuildFile; fileRef = 4D36BA611DD1980E00C9408F /* Filesystem.swift */; };
		4D36BA631DD1980E00C9408F /* Filesystem.swift in Sources */ = {isa = PBXBuildFile; fileRef = 4D36BA611DD1980E00C9408F /* Filesystem.swift */; };
		4D36BA651DD1B7F800C9408F /* SyncEngine.swift in Sources */ = {isa = PBXBuildFile; fileRef = 4D36BA641DD1B7F800C9408F /* SyncEngine.swift */; };
		4D36BA661DD1B7F800C9408F /* SyncEngine.swift in Sources */ = {isa = PBXBuildFile; fileRef = 4D36BA641DD1B7F800C9408F /* SyncEngine.swift */; };
		4D3D8E1E1BB4A064000C53EE /* Config.development.xcconfig in Resources */ = {isa = PBXBuildFile; fileRef = 4D3D8E1C1BB4A064000C53EE /* Config.development.xcconfig */; };
		4D3D8E1F1BB4A064000C53EE /* Config.production.xcconfig in Resources */ = {isa = PBXBuildFile; fileRef = 4D3D8E1D1BB4A064000C53EE /* Config.production.xcconfig */; };
		4D3D8E241BB4A1CF000C53EE /* AllPagesViewController.swift in Sources */ = {isa = PBXBuildFile; fileRef = 4DC9DC971AAE252F00C64275 /* AllPagesViewController.swift */; };
		4D3D8E251BB4A1CF000C53EE /* hoedown_html_patch.c in Sources */ = {isa = PBXBuildFile; fileRef = 4DE39A4F1B2CD4FD0099E757 /* hoedown_html_patch.c */; };
		4D3D8E261BB4A1CF000C53EE /* LinkWithDropboxViewController.swift in Sources */ = {isa = PBXBuildFile; fileRef = 4D2AAC211A9DA30300E0904B /* LinkWithDropboxViewController.swift */; };
		4D3D8E271BB4A1CF000C53EE /* Wiki.swift in Sources */ = {isa = PBXBuildFile; fileRef = 4DBE60871AA5542A003D3F34 /* Wiki.swift */; };
		4D3D8E281BB4A1CF000C53EE /* acknowledgements.md in Sources */ = {isa = PBXBuildFile; fileRef = 4DEFE25D1B9E52EA00462786 /* acknowledgements.md */; };
		4D3D8E291BB4A1CF000C53EE /* Constants.swift in Sources */ = {isa = PBXBuildFile; fileRef = 4D0C3BAE1B86FEC700E58333 /* Constants.swift */; };
		4D3D8E2A1BB4A1CF000C53EE /* working_with_pages.md in Sources */ = {isa = PBXBuildFile; fileRef = 4DEFE2601B9FF06A00462786 /* working_with_pages.md */; };
		4D3D8E2B1BB4A1CF000C53EE /* Hoedown.m in Sources */ = {isa = PBXBuildFile; fileRef = 4DBE608E1AA5BDA8003D3F34 /* Hoedown.m */; };
		4D3D8E2C1BB4A1CF000C53EE /* writing_with_kiwi.md in Sources */ = {isa = PBXBuildFile; fileRef = 4D0378121AA88EA600B6D841 /* writing_with_kiwi.md */; };
		4D3D8E2D1BB4A1CF000C53EE /* BaseNavigationController.swift in Sources */ = {isa = PBXBuildFile; fileRef = 4DDF769F1B9E29F30034ECEE /* BaseNavigationController.swift */; };
		4D3D8E2E1BB4A1CF000C53EE /* AppDelegate.swift in Sources */ = {isa = PBXBuildFile; fileRef = 4D2AAC1F1A9DA30300E0904B /* AppDelegate.swift */; };
		4D3D8E2F1BB4A1CF000C53EE /* YapDatabase.swift in Sources */ = {isa = PBXBuildFile; fileRef = 4D26DBB71AB6B51A007CE00E /* YapDatabase.swift */; };
		4D3D8E301BB4A1CF000C53EE /* Page.swift in Sources */ = {isa = PBXBuildFile; fileRef = 4DBE60831AA5527A003D3F34 /* Page.swift */; };
		4D3D8E311BB4A1CF000C53EE /* available_in_dropbox.md in Sources */ = {isa = PBXBuildFile; fileRef = 4DB9ADD51BABF4DF00131C20 /* available_in_dropbox.md */; };
		4D3D8E321BB4A1CF000C53EE /* AddPageViewController.swift in Sources */ = {isa = PBXBuildFile; fileRef = 4DEB69861AA94F6500FB480C /* AddPageViewController.swift */; };
		4D3D8E331BB4A1CF000C53EE /* WikiViewController.swift in Sources */ = {isa = PBXBuildFile; fileRef = 4D7CBBA91AA8272E00638C5C /* WikiViewController.swift */; };
		4D3D8E341BB4A1CF000C53EE /* ExternalLinkViewController.swift in Sources */ = {isa = PBXBuildFile; fileRef = 4DC9DC991AAE837D00C64275 /* ExternalLinkViewController.swift */; };
		4D3D8E351BB4A1CF000C53EE /* available_in_dropbox.md in Sources */ = {isa = PBXBuildFile; fileRef = 4D664BA11BAA8ACB00EFC998 /* available_in_dropbox.md */; };
		4D3D8E361BB4A1CF000C53EE /* home.md in Sources */ = {isa = PBXBuildFile; fileRef = 4D7CBBAB1AA8291E00638C5C /* home.md */; };
		4D3D8E3A1BB4A1CF000C53EE /* available_in_dropbox.md in Resources */ = {isa = PBXBuildFile; fileRef = 4DB9ADD51BABF4DF00131C20 /* available_in_dropbox.md */; };
		4D3D8E3B1BB4A1CF000C53EE /* working_with_pages.md in Resources */ = {isa = PBXBuildFile; fileRef = 4DEFE2601B9FF06A00462786 /* working_with_pages.md */; };
		4D3D8E3C1BB4A1CF000C53EE /* acknowledgements.md in Resources */ = {isa = PBXBuildFile; fileRef = 4DEFE25D1B9E52EA00462786 /* acknowledgements.md */; };
		4D3D8E3D1BB4A1CF000C53EE /* IDMPBLocalizations.bundle in Resources */ = {isa = PBXBuildFile; fileRef = 4D4B33F11B9E201800BCBE5B /* IDMPBLocalizations.bundle */; };
		4D3D8E3E1BB4A1CF000C53EE /* Config.production.xcconfig in Resources */ = {isa = PBXBuildFile; fileRef = 4D3D8E1D1BB4A064000C53EE /* Config.production.xcconfig */; };
		4D3D8E3F1BB4A1CF000C53EE /* writing_with_kiwi.md in Resources */ = {isa = PBXBuildFile; fileRef = 4D0378121AA88EA600B6D841 /* writing_with_kiwi.md */; };
		4D3D8E401BB4A1CF000C53EE /* home.md in Resources */ = {isa = PBXBuildFile; fileRef = 4D7CBBAB1AA8291E00638C5C /* home.md */; };
		4D3D8E411BB4A1CF000C53EE /* jquery.min.js in Resources */ = {isa = PBXBuildFile; fileRef = 4DA4BB5E1BAD3DB200FA9502 /* jquery.min.js */; };
		4D3D8E421BB4A1CF000C53EE /* menu@2x.png in Resources */ = {isa = PBXBuildFile; fileRef = 4D5F93E01AB02A3F00D92886 /* menu@2x.png */; };
		4D3D8E431BB4A1CF000C53EE /* screen.css in Resources */ = {isa = PBXBuildFile; fileRef = 4D7CBBB21AA833E200638C5C /* screen.css */; };
		4D3D8E441BB4A1CF000C53EE /* Config.development.xcconfig in Resources */ = {isa = PBXBuildFile; fileRef = 4D3D8E1C1BB4A064000C53EE /* Config.development.xcconfig */; };
		4D3D8E451BB4A1CF000C53EE /* layout.mustache in Resources */ = {isa = PBXBuildFile; fileRef = 4D7CBBAE1AA82F4300638C5C /* layout.mustache */; };
		4D3D8E461BB4A1CF000C53EE /* home@2x.png in Resources */ = {isa = PBXBuildFile; fileRef = 4D26DBB91ABD4002007CE00E /* home@2x.png */; };
		4D3D8E471BB4A1CF000C53EE /* auto-render-latex.min.js in Resources */ = {isa = PBXBuildFile; fileRef = 4D4427391B1D710000B35C01 /* auto-render-latex.min.js */; };
		4D3D8E481BB4A1CF000C53EE /* Main.storyboard in Resources */ = {isa = PBXBuildFile; fileRef = 4D2AAC231A9DA30300E0904B /* Main.storyboard */; };
		4D3D8E491BB4A1CF000C53EE /* links.js in Resources */ = {isa = PBXBuildFile; fileRef = 4D0378101AA881BA00B6D841 /* links.js */; };
		4D3D8E4A1BB4A1CF000C53EE /* green@2x.png in Resources */ = {isa = PBXBuildFile; fileRef = 4D5F93DC1AB00F5900D92886 /* green@2x.png */; };
		4D3D8E4B1BB4A1CF000C53EE /* LaunchScreen.xib in Resources */ = {isa = PBXBuildFile; fileRef = 4D2AAC281A9DA30300E0904B /* LaunchScreen.xib */; };
		4D3D8E4C1BB4A1CF000C53EE /* prism.css in Resources */ = {isa = PBXBuildFile; fileRef = 4D44273B1B1D7C8B00B35C01 /* prism.css */; };
		4D3D8E4D1BB4A1CF000C53EE /* article.mustache in Resources */ = {isa = PBXBuildFile; fileRef = 4D7CBBB01AA8304200638C5C /* article.mustache */; };
		4D3D8E4E1BB4A1CF000C53EE /* prism.js in Resources */ = {isa = PBXBuildFile; fileRef = 4D44273D1B1D7C9000B35C01 /* prism.js */; };
		4D3D8E4F1BB4A1CF000C53EE /* Images.xcassets in Resources */ = {isa = PBXBuildFile; fileRef = 4D2AAC261A9DA30300E0904B /* Images.xcassets */; };
		4D3D8E501BB4A1CF000C53EE /* gray@2x.png in Resources */ = {isa = PBXBuildFile; fileRef = 4DC9DC951AADDC5500C64275 /* gray@2x.png */; };
		4D3D8E511BB4A1CF000C53EE /* checkmark@2x.png in Resources */ = {isa = PBXBuildFile; fileRef = 4D5F93D61AB005F800D92886 /* checkmark@2x.png */; };
		4D44273A1B1D710000B35C01 /* auto-render-latex.min.js in Resources */ = {isa = PBXBuildFile; fileRef = 4D4427391B1D710000B35C01 /* auto-render-latex.min.js */; };
		4D44273C1B1D7C8B00B35C01 /* prism.css in Resources */ = {isa = PBXBuildFile; fileRef = 4D44273B1B1D7C8B00B35C01 /* prism.css */; };
		4D44273E1B1D7C9000B35C01 /* prism.js in Resources */ = {isa = PBXBuildFile; fileRef = 4D44273D1B1D7C9000B35C01 /* prism.js */; };
		4D4582731D94963E00EBEDD8 /* Constants.m in Sources */ = {isa = PBXBuildFile; fileRef = 4D4582721D94963E00EBEDD8 /* Constants.m */; };
		4D4582741D94963E00EBEDD8 /* Constants.m in Sources */ = {isa = PBXBuildFile; fileRef = 4D4582721D94963E00EBEDD8 /* Constants.m */; };
		4D4B33F21B9E201800BCBE5B /* IDMPBLocalizations.bundle in Resources */ = {isa = PBXBuildFile; fileRef = 4D4B33F11B9E201800BCBE5B /* IDMPBLocalizations.bundle */; };
		4D5829921C587CE50053C65A /* MarkdownTextView.swift in Sources */ = {isa = PBXBuildFile; fileRef = 4D5829911C587CE50053C65A /* MarkdownTextView.swift */; };
		4D5829931C587CE50053C65A /* MarkdownTextView.swift in Sources */ = {isa = PBXBuildFile; fileRef = 4D5829911C587CE50053C65A /* MarkdownTextView.swift */; };
		4D5F93D71AB005F800D92886 /* checkmark@2x.png in Resources */ = {isa = PBXBuildFile; fileRef = 4D5F93D61AB005F800D92886 /* checkmark@2x.png */; };
		4D5F93DD1AB00F5900D92886 /* green@2x.png in Resources */ = {isa = PBXBuildFile; fileRef = 4D5F93DC1AB00F5900D92886 /* green@2x.png */; };
		4D5F93E11AB02A3F00D92886 /* menu@2x.png in Resources */ = {isa = PBXBuildFile; fileRef = 4D5F93E01AB02A3F00D92886 /* menu@2x.png */; };
		4D664BA21BAA8ACB00EFC998 /* available_in_dropbox.md in Sources */ = {isa = PBXBuildFile; fileRef = 4D664BA11BAA8ACB00EFC998 /* available_in_dropbox.md */; };
		4D7CBBAA1AA8272E00638C5C /* WikiViewController.swift in Sources */ = {isa = PBXBuildFile; fileRef = 4D7CBBA91AA8272E00638C5C /* WikiViewController.swift */; };
		4D7CBBAC1AA8291E00638C5C /* home.md in Sources */ = {isa = PBXBuildFile; fileRef = 4D7CBBAB1AA8291E00638C5C /* home.md */; };
		4D7CBBAD1AA82A8400638C5C /* home.md in Resources */ = {isa = PBXBuildFile; fileRef = 4D7CBBAB1AA8291E00638C5C /* home.md */; };
		4D7CBBAF1AA82F4300638C5C /* layout.mustache in Resources */ = {isa = PBXBuildFile; fileRef = 4D7CBBAE1AA82F4300638C5C /* layout.mustache */; };
		4D7CBBB11AA8304200638C5C /* article.mustache in Resources */ = {isa = PBXBuildFile; fileRef = 4D7CBBB01AA8304200638C5C /* article.mustache */; };
		4D7CBBB31AA833E200638C5C /* screen.css in Resources */ = {isa = PBXBuildFile; fileRef = 4D7CBBB21AA833E200638C5C /* screen.css */; };
		4DA4BB5F1BAD3DB200FA9502 /* jquery.min.js in Resources */ = {isa = PBXBuildFile; fileRef = 4DA4BB5E1BAD3DB200FA9502 /* jquery.min.js */; };
		4DB9ADD61BABF4DF00131C20 /* available_in_dropbox.md in Sources */ = {isa = PBXBuildFile; fileRef = 4DB9ADD51BABF4DF00131C20 /* available_in_dropbox.md */; };
		4DB9ADD71BABF59700131C20 /* available_in_dropbox.md in Resources */ = {isa = PBXBuildFile; fileRef = 4DB9ADD51BABF4DF00131C20 /* available_in_dropbox.md */; };
		4DBE60841AA5527A003D3F34 /* Page.swift in Sources */ = {isa = PBXBuildFile; fileRef = 4DBE60831AA5527A003D3F34 /* Page.swift */; };
		4DBE60881AA5542A003D3F34 /* Wiki.swift in Sources */ = {isa = PBXBuildFile; fileRef = 4DBE60871AA5542A003D3F34 /* Wiki.swift */; };
		4DBE608F1AA5BDA8003D3F34 /* Hoedown.m in Sources */ = {isa = PBXBuildFile; fileRef = 4DBE608E1AA5BDA8003D3F34 /* Hoedown.m */; };
		4DC512F31BD7374A00E62355 /* String+NSString.swift in Sources */ = {isa = PBXBuildFile; fileRef = 4DC512F21BD7374A00E62355 /* String+NSString.swift */; };
		4DC512F41BD7374A00E62355 /* String+NSString.swift in Sources */ = {isa = PBXBuildFile; fileRef = 4DC512F21BD7374A00E62355 /* String+NSString.swift */; };
		4DC9DC961AADDC5500C64275 /* gray@2x.png in Resources */ = {isa = PBXBuildFile; fileRef = 4DC9DC951AADDC5500C64275 /* gray@2x.png */; };
		4DC9DC981AAE252F00C64275 /* AllPagesViewController.swift in Sources */ = {isa = PBXBuildFile; fileRef = 4DC9DC971AAE252F00C64275 /* AllPagesViewController.swift */; };
		4DC9DC9A1AAE837D00C64275 /* ExternalLinkViewController.swift in Sources */ = {isa = PBXBuildFile; fileRef = 4DC9DC991AAE837D00C64275 /* ExternalLinkViewController.swift */; };
		4DDF76A01B9E29F30034ECEE /* BaseNavigationController.swift in Sources */ = {isa = PBXBuildFile; fileRef = 4DDF769F1B9E29F30034ECEE /* BaseNavigationController.swift */; };
		4DE39A511B2CD4FD0099E757 /* hoedown_html_patch.c in Sources */ = {isa = PBXBuildFile; fileRef = 4DE39A4F1B2CD4FD0099E757 /* hoedown_html_patch.c */; };
		4DEB69871AA94F6500FB480C /* AddPageViewController.swift in Sources */ = {isa = PBXBuildFile; fileRef = 4DEB69861AA94F6500FB480C /* AddPageViewController.swift */; };
		4DEFE25E1B9E52EA00462786 /* acknowledgements.md in Sources */ = {isa = PBXBuildFile; fileRef = 4DEFE25D1B9E52EA00462786 /* acknowledgements.md */; };
		4DEFE25F1B9E8AB900462786 /* acknowledgements.md in Resources */ = {isa = PBXBuildFile; fileRef = 4DEFE25D1B9E52EA00462786 /* acknowledgements.md */; };
		4DEFE2611B9FF06A00462786 /* working_with_pages.md in Sources */ = {isa = PBXBuildFile; fileRef = 4DEFE2601B9FF06A00462786 /* working_with_pages.md */; };
		4DEFE2621B9FF27600462786 /* working_with_pages.md in Resources */ = {isa = PBXBuildFile; fileRef = 4DEFE2601B9FF06A00462786 /* working_with_pages.md */; };
		82C4C0DD4BF97EB1E02A4495 /* Pods_Kiwi_Development.framework in Frameworks */ = {isa = PBXBuildFile; fileRef = D03766C91F55C3D96EFEECCB /* Pods_Kiwi_Development.framework */; };
/* End PBXBuildFile section */

/* Begin PBXContainerItemProxy section */
		4D2AAC301A9DA30300E0904B /* PBXContainerItemProxy */ = {
			isa = PBXContainerItemProxy;
			containerPortal = 4D2AAC121A9DA30300E0904B /* Project object */;
			proxyType = 1;
			remoteGlobalIDString = 4D2AAC191A9DA30300E0904B;
			remoteInfo = Kiwi;
		};
/* End PBXContainerItemProxy section */

/* Begin PBXFileReference section */
		39E18C9CE0DEAC6594F35080 /* Pods-Kiwi.release.xcconfig */ = {isa = PBXFileReference; includeInIndex = 1; lastKnownFileType = text.xcconfig; name = "Pods-Kiwi.release.xcconfig"; path = "Pods/Target Support Files/Pods-Kiwi/Pods-Kiwi.release.xcconfig"; sourceTree = "<group>"; };
		3EF991A60A24FCEA7388DC87 /* Pods.framework */ = {isa = PBXFileReference; explicitFileType = wrapper.framework; includeInIndex = 0; path = Pods.framework; sourceTree = BUILT_PRODUCTS_DIR; };
		4D0378101AA881BA00B6D841 /* links.js */ = {isa = PBXFileReference; fileEncoding = 4; lastKnownFileType = sourcecode.javascript; path = links.js; sourceTree = "<group>"; };
		4D0378121AA88EA600B6D841 /* writing_with_kiwi.md */ = {isa = PBXFileReference; fileEncoding = 4; lastKnownFileType = net.daringfireball.markdown; lineEnding = 2; path = writing_with_kiwi.md; sourceTree = "<group>"; xcLanguageSpecificationIdentifier = xcode.lang.markdown; };
		4D0C3BAE1B86FEC700E58333 /* Constants.swift */ = {isa = PBXFileReference; fileEncoding = 4; lastKnownFileType = sourcecode.swift; lineEnding = 0; path = Constants.swift; sourceTree = "<group>"; xcLanguageSpecificationIdentifier = xcode.lang.swift; };
		4D26DBB71AB6B51A007CE00E /* YapDatabase.swift */ = {isa = PBXFileReference; fileEncoding = 4; lastKnownFileType = sourcecode.swift; lineEnding = 0; path = YapDatabase.swift; sourceTree = "<group>"; xcLanguageSpecificationIdentifier = xcode.lang.swift; };
		4D26DBB91ABD4002007CE00E /* home@2x.png */ = {isa = PBXFileReference; lastKnownFileType = image.png; path = "home@2x.png"; sourceTree = "<group>"; };
		4D2AAC1A1A9DA30300E0904B /* Kiwi.app */ = {isa = PBXFileReference; explicitFileType = wrapper.application; includeInIndex = 0; path = Kiwi.app; sourceTree = BUILT_PRODUCTS_DIR; };
		4D2AAC1E1A9DA30300E0904B /* Info.plist */ = {isa = PBXFileReference; lastKnownFileType = text.plist.xml; path = Info.plist; sourceTree = "<group>"; };
		4D2AAC1F1A9DA30300E0904B /* AppDelegate.swift */ = {isa = PBXFileReference; lastKnownFileType = sourcecode.swift; lineEnding = 0; path = AppDelegate.swift; sourceTree = "<group>"; xcLanguageSpecificationIdentifier = xcode.lang.swift; };
		4D2AAC211A9DA30300E0904B /* LinkWithDropboxViewController.swift */ = {isa = PBXFileReference; lastKnownFileType = sourcecode.swift; lineEnding = 0; path = LinkWithDropboxViewController.swift; sourceTree = "<group>"; xcLanguageSpecificationIdentifier = xcode.lang.swift; };
		4D2AAC241A9DA30300E0904B /* Base */ = {isa = PBXFileReference; lastKnownFileType = file.storyboard; name = Base; path = Base.lproj/Main.storyboard; sourceTree = "<group>"; };
		4D2AAC261A9DA30300E0904B /* Images.xcassets */ = {isa = PBXFileReference; lastKnownFileType = folder.assetcatalog; path = Images.xcassets; sourceTree = "<group>"; };
		4D2AAC291A9DA30300E0904B /* Base */ = {isa = PBXFileReference; lastKnownFileType = file.xib; name = Base; path = Base.lproj/LaunchScreen.xib; sourceTree = "<group>"; };
		4D2AAC2F1A9DA30300E0904B /* KiwiTests.xctest */ = {isa = PBXFileReference; explicitFileType = wrapper.cfbundle; includeInIndex = 0; path = KiwiTests.xctest; sourceTree = BUILT_PRODUCTS_DIR; };
		4D2AAC341A9DA30300E0904B /* Info.plist */ = {isa = PBXFileReference; lastKnownFileType = text.plist.xml; path = Info.plist; sourceTree = "<group>"; };
		4D2AAC351A9DA30300E0904B /* KiwiTests.swift */ = {isa = PBXFileReference; lastKnownFileType = sourcecode.swift; lineEnding = 0; path = KiwiTests.swift; sourceTree = "<group>"; xcLanguageSpecificationIdentifier = xcode.lang.swift; };
		4D36BA611DD1980E00C9408F /* Filesystem.swift */ = {isa = PBXFileReference; fileEncoding = 4; lastKnownFileType = sourcecode.swift; path = Filesystem.swift; sourceTree = "<group>"; };
		4D36BA641DD1B7F800C9408F /* SyncEngine.swift */ = {isa = PBXFileReference; fileEncoding = 4; lastKnownFileType = sourcecode.swift; path = SyncEngine.swift; sourceTree = "<group>"; };
		4D3D8E1C1BB4A064000C53EE /* Config.development.xcconfig */ = {isa = PBXFileReference; fileEncoding = 4; lastKnownFileType = text.xcconfig; path = Config.development.xcconfig; sourceTree = "<group>"; };
		4D3D8E1D1BB4A064000C53EE /* Config.production.xcconfig */ = {isa = PBXFileReference; fileEncoding = 4; lastKnownFileType = text.xcconfig; path = Config.production.xcconfig; sourceTree = "<group>"; };
		4D3D8E571BB4A1CF000C53EE /* KiwiDev.app */ = {isa = PBXFileReference; explicitFileType = wrapper.application; includeInIndex = 0; path = KiwiDev.app; sourceTree = BUILT_PRODUCTS_DIR; };
		4D3D8E581BB4A1D0000C53EE /* KiwiDevelopment.plist */ = {isa = PBXFileReference; lastKnownFileType = text.plist.xml; name = KiwiDevelopment.plist; path = /Users/mark/Documents/code/Memex/KiwiDevelopment.plist; sourceTree = "<absolute>"; };
		4D4427391B1D710000B35C01 /* auto-render-latex.min.js */ = {isa = PBXFileReference; fileEncoding = 4; lastKnownFileType = sourcecode.javascript; path = "auto-render-latex.min.js"; sourceTree = "<group>"; };
		4D44273B1B1D7C8B00B35C01 /* prism.css */ = {isa = PBXFileReference; fileEncoding = 4; lastKnownFileType = text.css; path = prism.css; sourceTree = "<group>"; };
		4D44273D1B1D7C9000B35C01 /* prism.js */ = {isa = PBXFileReference; fileEncoding = 4; lastKnownFileType = sourcecode.javascript; path = prism.js; sourceTree = "<group>"; };
		4D4582721D94963E00EBEDD8 /* Constants.m */ = {isa = PBXFileReference; fileEncoding = 4; lastKnownFileType = sourcecode.c.objc; path = Constants.m; sourceTree = "<group>"; };
		4D4582751D94964D00EBEDD8 /* Constants.h */ = {isa = PBXFileReference; fileEncoding = 4; lastKnownFileType = sourcecode.c.h; path = Constants.h; sourceTree = "<group>"; };
		4D4B33EB1B9E1F5000BCBE5B /* IDMPhotoBrowser.framework */ = {isa = PBXFileReference; lastKnownFileType = wrapper.framework; name = IDMPhotoBrowser.framework; path = "Pods/../build/Debug-iphoneos/Pods/IDMPhotoBrowser.framework"; sourceTree = "<group>"; };
		4D4B33F11B9E201800BCBE5B /* IDMPBLocalizations.bundle */ = {isa = PBXFileReference; lastKnownFileType = "wrapper.plug-in"; name = IDMPBLocalizations.bundle; path = Pods/IDMPhotoBrowser/Classes/IDMPBLocalizations.bundle; sourceTree = "<group>"; };
		4D5829911C587CE50053C65A /* MarkdownTextView.swift */ = {isa = PBXFileReference; fileEncoding = 4; lastKnownFileType = sourcecode.swift; path = MarkdownTextView.swift; sourceTree = "<group>"; };
		4D5F93D61AB005F800D92886 /* checkmark@2x.png */ = {isa = PBXFileReference; lastKnownFileType = image.png; path = "checkmark@2x.png"; sourceTree = "<group>"; };
		4D5F93DC1AB00F5900D92886 /* green@2x.png */ = {isa = PBXFileReference; lastKnownFileType = image.png; path = "green@2x.png"; sourceTree = "<group>"; };
		4D5F93E01AB02A3F00D92886 /* menu@2x.png */ = {isa = PBXFileReference; lastKnownFileType = image.png; path = "menu@2x.png"; sourceTree = "<group>"; };
		4D664BA11BAA8ACB00EFC998 /* available_in_dropbox.md */ = {isa = PBXFileReference; fileEncoding = 4; lastKnownFileType = net.daringfireball.markdown; path = available_in_dropbox.md; sourceTree = "<group>"; };
		4D7CBBA91AA8272E00638C5C /* WikiViewController.swift */ = {isa = PBXFileReference; fileEncoding = 4; lastKnownFileType = sourcecode.swift; lineEnding = 0; path = WikiViewController.swift; sourceTree = "<group>"; xcLanguageSpecificationIdentifier = xcode.lang.swift; };
		4D7CBBAB1AA8291E00638C5C /* home.md */ = {isa = PBXFileReference; fileEncoding = 4; lastKnownFileType = net.daringfireball.markdown; path = home.md; sourceTree = "<group>"; };
		4D7CBBAE1AA82F4300638C5C /* layout.mustache */ = {isa = PBXFileReference; fileEncoding = 4; lastKnownFileType = text; path = layout.mustache; sourceTree = "<group>"; };
		4D7CBBB01AA8304200638C5C /* article.mustache */ = {isa = PBXFileReference; fileEncoding = 4; lastKnownFileType = text; path = article.mustache; sourceTree = "<group>"; };
		4D7CBBB21AA833E200638C5C /* screen.css */ = {isa = PBXFileReference; fileEncoding = 4; lastKnownFileType = text.css; path = screen.css; sourceTree = "<group>"; };
		4D8842CF1C7C3AEA00C70A17 /* Kiwi.playground */ = {isa = PBXFileReference; lastKnownFileType = file.playground; path = Kiwi.playground; sourceTree = "<group>"; };
		4DA4BB5E1BAD3DB200FA9502 /* jquery.min.js */ = {isa = PBXFileReference; fileEncoding = 4; lastKnownFileType = sourcecode.javascript; path = jquery.min.js; sourceTree = "<group>"; };
		4DB9ADD51BABF4DF00131C20 /* available_in_dropbox.md */ = {isa = PBXFileReference; fileEncoding = 4; lastKnownFileType = net.daringfireball.markdown; path = available_in_dropbox.md; sourceTree = "<group>"; };
		4DBE60511A9DAA43003D3F34 /* Kiwi-Bridging-Header.h */ = {isa = PBXFileReference; lastKnownFileType = sourcecode.c.h; path = "Kiwi-Bridging-Header.h"; sourceTree = "<group>"; };
		4DBE60831AA5527A003D3F34 /* Page.swift */ = {isa = PBXFileReference; fileEncoding = 4; lastKnownFileType = sourcecode.swift; lineEnding = 0; path = Page.swift; sourceTree = "<group>"; xcLanguageSpecificationIdentifier = xcode.lang.swift; };
		4DBE60871AA5542A003D3F34 /* Wiki.swift */ = {isa = PBXFileReference; fileEncoding = 4; lastKnownFileType = sourcecode.swift; lineEnding = 0; path = Wiki.swift; sourceTree = "<group>"; xcLanguageSpecificationIdentifier = xcode.lang.swift; };
		4DBE608D1AA5BDA8003D3F34 /* Hoedown.h */ = {isa = PBXFileReference; fileEncoding = 4; lastKnownFileType = sourcecode.c.h; lineEnding = 0; path = Hoedown.h; sourceTree = SOURCE_ROOT; xcLanguageSpecificationIdentifier = xcode.lang.objcpp; };
		4DBE608E1AA5BDA8003D3F34 /* Hoedown.m */ = {isa = PBXFileReference; fileEncoding = 4; lastKnownFileType = sourcecode.c.objc; lineEnding = 0; path = Hoedown.m; sourceTree = SOURCE_ROOT; xcLanguageSpecificationIdentifier = xcode.lang.objc; };
		4DC512F21BD7374A00E62355 /* String+NSString.swift */ = {isa = PBXFileReference; fileEncoding = 4; lastKnownFileType = sourcecode.swift; path = "String+NSString.swift"; sourceTree = "<group>"; };
		4DC9DC951AADDC5500C64275 /* gray@2x.png */ = {isa = PBXFileReference; lastKnownFileType = image.png; path = "gray@2x.png"; sourceTree = "<group>"; };
		4DC9DC971AAE252F00C64275 /* AllPagesViewController.swift */ = {isa = PBXFileReference; fileEncoding = 4; lastKnownFileType = sourcecode.swift; lineEnding = 0; path = AllPagesViewController.swift; sourceTree = "<group>"; xcLanguageSpecificationIdentifier = xcode.lang.swift; };
		4DC9DC991AAE837D00C64275 /* ExternalLinkViewController.swift */ = {isa = PBXFileReference; fileEncoding = 4; lastKnownFileType = sourcecode.swift; lineEnding = 0; path = ExternalLinkViewController.swift; sourceTree = "<group>"; xcLanguageSpecificationIdentifier = xcode.lang.swift; };
		4DDF769F1B9E29F30034ECEE /* BaseNavigationController.swift */ = {isa = PBXFileReference; fileEncoding = 4; lastKnownFileType = sourcecode.swift; lineEnding = 0; path = BaseNavigationController.swift; sourceTree = "<group>"; xcLanguageSpecificationIdentifier = xcode.lang.swift; };
		4DE39A4F1B2CD4FD0099E757 /* hoedown_html_patch.c */ = {isa = PBXFileReference; fileEncoding = 4; lastKnownFileType = sourcecode.c.c; lineEnding = 0; path = hoedown_html_patch.c; sourceTree = "<group>"; xcLanguageSpecificationIdentifier = xcode.lang.c; };
		4DE39A501B2CD4FD0099E757 /* hoedown_html_patch.h */ = {isa = PBXFileReference; fileEncoding = 4; lastKnownFileType = sourcecode.c.h; lineEnding = 0; path = hoedown_html_patch.h; sourceTree = "<group>"; xcLanguageSpecificationIdentifier = xcode.lang.objcpp; };
		4DE39A521B2CDF840099E757 /* libxml2.dylib */ = {isa = PBXFileReference; lastKnownFileType = "compiled.mach-o.dylib"; name = libxml2.dylib; path = usr/lib/libxml2.dylib; sourceTree = SDKROOT; };
		4DEB69861AA94F6500FB480C /* AddPageViewController.swift */ = {isa = PBXFileReference; fileEncoding = 4; lastKnownFileType = sourcecode.swift; lineEnding = 0; name = AddPageViewController.swift; path = ../AddPageViewController.swift; sourceTree = "<group>"; xcLanguageSpecificationIdentifier = xcode.lang.swift; };
		4DEFE25D1B9E52EA00462786 /* acknowledgements.md */ = {isa = PBXFileReference; fileEncoding = 4; lastKnownFileType = net.daringfireball.markdown; path = acknowledgements.md; sourceTree = "<group>"; };
		4DEFE2601B9FF06A00462786 /* working_with_pages.md */ = {isa = PBXFileReference; fileEncoding = 4; lastKnownFileType = net.daringfireball.markdown; path = working_with_pages.md; sourceTree = "<group>"; };
		5F8A4805B80474123335ADE1 /* Pods-Kiwi.debug.xcconfig */ = {isa = PBXFileReference; includeInIndex = 1; lastKnownFileType = text.xcconfig; name = "Pods-Kiwi.debug.xcconfig"; path = "Pods/Target Support Files/Pods-Kiwi/Pods-Kiwi.debug.xcconfig"; sourceTree = "<group>"; };
		70460637318E9FBC16476BD0 /* Pods-Kiwi Development.debug.xcconfig */ = {isa = PBXFileReference; includeInIndex = 1; lastKnownFileType = text.xcconfig; name = "Pods-Kiwi Development.debug.xcconfig"; path = "Pods/Target Support Files/Pods-Kiwi Development/Pods-Kiwi Development.debug.xcconfig"; sourceTree = "<group>"; };
		949080A881D81FD2E7522395 /* Pods-Kiwi Development.release.xcconfig */ = {isa = PBXFileReference; includeInIndex = 1; lastKnownFileType = text.xcconfig; name = "Pods-Kiwi Development.release.xcconfig"; path = "Pods/Target Support Files/Pods-Kiwi Development/Pods-Kiwi Development.release.xcconfig"; sourceTree = "<group>"; };
		AD79D7D964F571A34FFDEB40 /* Pods_Kiwi.framework */ = {isa = PBXFileReference; explicitFileType = wrapper.framework; includeInIndex = 0; path = Pods_Kiwi.framework; sourceTree = BUILT_PRODUCTS_DIR; };
		D03766C91F55C3D96EFEECCB /* Pods_Kiwi_Development.framework */ = {isa = PBXFileReference; explicitFileType = wrapper.framework; includeInIndex = 0; path = Pods_Kiwi_Development.framework; sourceTree = BUILT_PRODUCTS_DIR; };
/* End PBXFileReference section */

/* Begin PBXFrameworksBuildPhase section */
		4D2AAC171A9DA30300E0904B /* Frameworks */ = {
			isa = PBXFrameworksBuildPhase;
			buildActionMask = 2147483647;
			files = (
				04EF104C94000844A71F9864 /* Pods_Kiwi.framework in Frameworks */,
			);
			runOnlyForDeploymentPostprocessing = 0;
		};
		4D2AAC2C1A9DA30300E0904B /* Frameworks */ = {
			isa = PBXFrameworksBuildPhase;
			buildActionMask = 2147483647;
			files = (
			);
			runOnlyForDeploymentPostprocessing = 0;
		};
		4D3D8E371BB4A1CF000C53EE /* Frameworks */ = {
			isa = PBXFrameworksBuildPhase;
			buildActionMask = 2147483647;
			files = (
				82C4C0DD4BF97EB1E02A4495 /* Pods_Kiwi_Development.framework in Frameworks */,
			);
			runOnlyForDeploymentPostprocessing = 0;
		};
/* End PBXFrameworksBuildPhase section */

/* Begin PBXGroup section */
		48924F7F2E83D886BAA39977 /* Frameworks */ = {
			isa = PBXGroup;
			children = (
				4D4B33EB1B9E1F5000BCBE5B /* IDMPhotoBrowser.framework */,
				4DE39A521B2CDF840099E757 /* libxml2.dylib */,
				3EF991A60A24FCEA7388DC87 /* Pods.framework */,
				AD79D7D964F571A34FFDEB40 /* Pods_Kiwi.framework */,
				D03766C91F55C3D96EFEECCB /* Pods_Kiwi_Development.framework */,
			);
			name = Frameworks;
			sourceTree = "<group>";
		};
		4D2AAC111A9DA30300E0904B = {
			isa = PBXGroup;
			children = (
				4D3D8E1C1BB4A064000C53EE /* Config.development.xcconfig */,
				4D3D8E1D1BB4A064000C53EE /* Config.production.xcconfig */,
				4D4B33F11B9E201800BCBE5B /* IDMPBLocalizations.bundle */,
				4D2AAC1C1A9DA30300E0904B /* Kiwi */,
				4D2AAC321A9DA30300E0904B /* KiwiTests */,
				4D2AAC1B1A9DA30300E0904B /* Products */,
				48924F7F2E83D886BAA39977 /* Frameworks */,
				4D3D8E581BB4A1D0000C53EE /* KiwiDevelopment.plist */,
				99AF236031C2442D5DF544F0 /* Pods */,
			);
			sourceTree = "<group>";
		};
		4D2AAC1B1A9DA30300E0904B /* Products */ = {
			isa = PBXGroup;
			children = (
				4D2AAC1A1A9DA30300E0904B /* Kiwi.app */,
				4D2AAC2F1A9DA30300E0904B /* KiwiTests.xctest */,
				4D3D8E571BB4A1CF000C53EE /* KiwiDev.app */,
			);
			name = Products;
			sourceTree = "<group>";
		};
		4D2AAC1C1A9DA30300E0904B /* Kiwi */ = {
			isa = PBXGroup;
			children = (
				4DEB69861AA94F6500FB480C /* AddPageViewController.swift */,
				4D2AAC1F1A9DA30300E0904B /* AppDelegate.swift */,
				4D2AAC211A9DA30300E0904B /* LinkWithDropboxViewController.swift */,
				4D2AAC231A9DA30300E0904B /* Main.storyboard */,
				4D2AAC261A9DA30300E0904B /* Images.xcassets */,
				4D2AAC281A9DA30300E0904B /* LaunchScreen.xib */,
				4D2AAC1D1A9DA30300E0904B /* Supporting Files */,
				4DBE60511A9DAA43003D3F34 /* Kiwi-Bridging-Header.h */,
				4DBE60831AA5527A003D3F34 /* Page.swift */,
				4DBE60871AA5542A003D3F34 /* Wiki.swift */,
				4DBE608D1AA5BDA8003D3F34 /* Hoedown.h */,
				4DBE608E1AA5BDA8003D3F34 /* Hoedown.m */,
				4D7CBBA91AA8272E00638C5C /* WikiViewController.swift */,
				4DC9DC971AAE252F00C64275 /* AllPagesViewController.swift */,
				4DC9DC991AAE837D00C64275 /* ExternalLinkViewController.swift */,
				4D26DBB71AB6B51A007CE00E /* YapDatabase.swift */,
				4DE39A4F1B2CD4FD0099E757 /* hoedown_html_patch.c */,
				4DE39A501B2CD4FD0099E757 /* hoedown_html_patch.h */,
				4D0C3BAE1B86FEC700E58333 /* Constants.swift */,
				4DDF769F1B9E29F30034ECEE /* BaseNavigationController.swift */,
				4DC512F21BD7374A00E62355 /* String+NSString.swift */,
				4D5829911C587CE50053C65A /* MarkdownTextView.swift */,
				4D8842CF1C7C3AEA00C70A17 /* Kiwi.playground */,
				4D4582721D94963E00EBEDD8 /* Constants.m */,
				4D4582751D94964D00EBEDD8 /* Constants.h */,
				4D36BA611DD1980E00C9408F /* Filesystem.swift */,
				4D36BA641DD1B7F800C9408F /* SyncEngine.swift */,
			);
			path = Kiwi;
			sourceTree = "<group>";
		};
		4D2AAC1D1A9DA30300E0904B /* Supporting Files */ = {
			isa = PBXGroup;
			children = (
				4DA4BB5E1BAD3DB200FA9502 /* jquery.min.js */,
				4D5F93DC1AB00F5900D92886 /* green@2x.png */,
				4D5F93E01AB02A3F00D92886 /* menu@2x.png */,
				4D26DBB91ABD4002007CE00E /* home@2x.png */,
				4D5F93D61AB005F800D92886 /* checkmark@2x.png */,
				4DC9DC951AADDC5500C64275 /* gray@2x.png */,
				4D7CBBAB1AA8291E00638C5C /* home.md */,
				4D0378121AA88EA600B6D841 /* writing_with_kiwi.md */,
				4DEFE25D1B9E52EA00462786 /* acknowledgements.md */,
				4DEFE2601B9FF06A00462786 /* working_with_pages.md */,
				4DB9ADD51BABF4DF00131C20 /* available_in_dropbox.md */,
				4D2AAC1E1A9DA30300E0904B /* Info.plist */,
				4D7CBBB21AA833E200638C5C /* screen.css */,
				4D44273B1B1D7C8B00B35C01 /* prism.css */,
				4D7CBBAE1AA82F4300638C5C /* layout.mustache */,
				4D7CBBB01AA8304200638C5C /* article.mustache */,
				4D44273D1B1D7C9000B35C01 /* prism.js */,
				4D0378101AA881BA00B6D841 /* links.js */,
				4D4427391B1D710000B35C01 /* auto-render-latex.min.js */,
			);
			name = "Supporting Files";
			sourceTree = "<group>";
		};
		4D2AAC321A9DA30300E0904B /* KiwiTests */ = {
			isa = PBXGroup;
			children = (
				4D2AAC351A9DA30300E0904B /* KiwiTests.swift */,
				4D2AAC331A9DA30300E0904B /* Supporting Files */,
			);
			path = KiwiTests;
			sourceTree = "<group>";
		};
		4D2AAC331A9DA30300E0904B /* Supporting Files */ = {
			isa = PBXGroup;
			children = (
				4D2AAC341A9DA30300E0904B /* Info.plist */,
			);
			name = "Supporting Files";
			sourceTree = "<group>";
		};
		99AF236031C2442D5DF544F0 /* Pods */ = {
			isa = PBXGroup;
			children = (
				5F8A4805B80474123335ADE1 /* Pods-Kiwi.debug.xcconfig */,
				39E18C9CE0DEAC6594F35080 /* Pods-Kiwi.release.xcconfig */,
				70460637318E9FBC16476BD0 /* Pods-Kiwi Development.debug.xcconfig */,
				949080A881D81FD2E7522395 /* Pods-Kiwi Development.release.xcconfig */,
			);
			name = Pods;
			sourceTree = "<group>";
		};
/* End PBXGroup section */

/* Begin PBXNativeTarget section */
		4D2AAC191A9DA30300E0904B /* Kiwi */ = {
			isa = PBXNativeTarget;
			buildConfigurationList = 4D2AAC391A9DA30300E0904B /* Build configuration list for PBXNativeTarget "Kiwi" */;
			buildPhases = (
				1D317F7B999FCA0624F03BAB /* [CP] Check Pods Manifest.lock */,
				4D2AAC161A9DA30300E0904B /* Sources */,
				4D2AAC171A9DA30300E0904B /* Frameworks */,
				4D2AAC181A9DA30300E0904B /* Resources */,
				05F70F702DC93D7797BCC9ED /* [CP] Embed Pods Frameworks */,
				8C6E23D3649328076853A2F0 /* [CP] Copy Pods Resources */,
				4DAD4E971D97963400B33065 /* ShellScript */,
			);
			buildRules = (
			);
			dependencies = (
			);
			name = Kiwi;
			productName = Kiwi;
			productReference = 4D2AAC1A1A9DA30300E0904B /* Kiwi.app */;
			productType = "com.apple.product-type.application";
		};
		4D2AAC2E1A9DA30300E0904B /* KiwiTests */ = {
			isa = PBXNativeTarget;
			buildConfigurationList = 4D2AAC3C1A9DA30300E0904B /* Build configuration list for PBXNativeTarget "KiwiTests" */;
			buildPhases = (
				4D2AAC2B1A9DA30300E0904B /* Sources */,
				4D2AAC2C1A9DA30300E0904B /* Frameworks */,
				4D2AAC2D1A9DA30300E0904B /* Resources */,
			);
			buildRules = (
			);
			dependencies = (
				4D2AAC311A9DA30300E0904B /* PBXTargetDependency */,
			);
			name = KiwiTests;
			productName = KiwiTests;
			productReference = 4D2AAC2F1A9DA30300E0904B /* KiwiTests.xctest */;
			productType = "com.apple.product-type.bundle.unit-test";
		};
		4D3D8E201BB4A1CF000C53EE /* Kiwi Development */ = {
			isa = PBXNativeTarget;
			buildConfigurationList = 4D3D8E541BB4A1CF000C53EE /* Build configuration list for PBXNativeTarget "Kiwi Development" */;
			buildPhases = (
				DD979AE2B596B69CF82B17E5 /* [CP] Check Pods Manifest.lock */,
				4D3D8E221BB4A1CF000C53EE /* Sources */,
				4D3D8E371BB4A1CF000C53EE /* Frameworks */,
				4D3D8E391BB4A1CF000C53EE /* Resources */,
				E8BCDD8A38230D3E1F3515EE /* [CP] Embed Pods Frameworks */,
				1DC5C6B18046C2B6211C2FA7 /* [CP] Copy Pods Resources */,
				4DAD4E961D9795B300B33065 /* ShellScript */,
			);
			buildRules = (
			);
			dependencies = (
			);
			name = "Kiwi Development";
			productName = Kiwi;
			productReference = 4D3D8E571BB4A1CF000C53EE /* KiwiDev.app */;
			productType = "com.apple.product-type.application";
		};
/* End PBXNativeTarget section */

/* Begin PBXProject section */
		4D2AAC121A9DA30300E0904B /* Project object */ = {
			isa = PBXProject;
			attributes = {
				LastSwiftMigration = 0700;
				LastSwiftUpdateCheck = 0700;
				LastUpgradeCheck = 0610;
				ORGANIZATIONNAME = "Mark Hudnall";
				TargetAttributes = {
					4D2AAC191A9DA30300E0904B = {
						CreatedOnToolsVersion = 6.1.1;
						DevelopmentTeam = 8E96ZSV3N3;
						LastSwiftMigration = 0800;
						ProvisioningStyle = Automatic;
					};
					4D2AAC2E1A9DA30300E0904B = {
						CreatedOnToolsVersion = 6.1.1;
						DevelopmentTeam = 8E96ZSV3N3;
						TestTargetID = 4D2AAC191A9DA30300E0904B;
					};
					4D3D8E201BB4A1CF000C53EE = {
						DevelopmentTeam = 8E96ZSV3N3;
						LastSwiftMigration = 0800;
						ProvisioningStyle = Automatic;
					};
				};
			};
			buildConfigurationList = 4D2AAC151A9DA30300E0904B /* Build configuration list for PBXProject "Kiwi" */;
			compatibilityVersion = "Xcode 3.2";
			developmentRegion = English;
			hasScannedForEncodings = 0;
			knownRegions = (
				en,
				Base,
			);
			mainGroup = 4D2AAC111A9DA30300E0904B;
			productRefGroup = 4D2AAC1B1A9DA30300E0904B /* Products */;
			projectDirPath = "";
			projectRoot = "";
			targets = (
				4D2AAC191A9DA30300E0904B /* Kiwi */,
				4D2AAC2E1A9DA30300E0904B /* KiwiTests */,
				4D3D8E201BB4A1CF000C53EE /* Kiwi Development */,
			);
		};
/* End PBXProject section */

/* Begin PBXResourcesBuildPhase section */
		4D2AAC181A9DA30300E0904B /* Resources */ = {
			isa = PBXResourcesBuildPhase;
			buildActionMask = 2147483647;
			files = (
				4DB9ADD71BABF59700131C20 /* available_in_dropbox.md in Resources */,
				4DEFE2621B9FF27600462786 /* working_with_pages.md in Resources */,
				4DEFE25F1B9E8AB900462786 /* acknowledgements.md in Resources */,
				4D4B33F21B9E201800BCBE5B /* IDMPBLocalizations.bundle in Resources */,
				4D3D8E1F1BB4A064000C53EE /* Config.production.xcconfig in Resources */,
				4D0378141AA88F9B00B6D841 /* writing_with_kiwi.md in Resources */,
				4D7CBBAD1AA82A8400638C5C /* home.md in Resources */,
				4DA4BB5F1BAD3DB200FA9502 /* jquery.min.js in Resources */,
				4D5F93E11AB02A3F00D92886 /* menu@2x.png in Resources */,
				4D7CBBB31AA833E200638C5C /* screen.css in Resources */,
				4D3D8E1E1BB4A064000C53EE /* Config.development.xcconfig in Resources */,
				4D7CBBAF1AA82F4300638C5C /* layout.mustache in Resources */,
				4D26DBBA1ABD4002007CE00E /* home@2x.png in Resources */,
				4D44273A1B1D710000B35C01 /* auto-render-latex.min.js in Resources */,
				4D2AAC251A9DA30300E0904B /* Main.storyboard in Resources */,
				4D0378111AA881BA00B6D841 /* links.js in Resources */,
				4D5F93DD1AB00F5900D92886 /* green@2x.png in Resources */,
				4D2AAC2A1A9DA30300E0904B /* LaunchScreen.xib in Resources */,
				4D44273C1B1D7C8B00B35C01 /* prism.css in Resources */,
				4D7CBBB11AA8304200638C5C /* article.mustache in Resources */,
				4D44273E1B1D7C9000B35C01 /* prism.js in Resources */,
				4D2AAC271A9DA30300E0904B /* Images.xcassets in Resources */,
				4DC9DC961AADDC5500C64275 /* gray@2x.png in Resources */,
				4D5F93D71AB005F800D92886 /* checkmark@2x.png in Resources */,
			);
			runOnlyForDeploymentPostprocessing = 0;
		};
		4D2AAC2D1A9DA30300E0904B /* Resources */ = {
			isa = PBXResourcesBuildPhase;
			buildActionMask = 2147483647;
			files = (
			);
			runOnlyForDeploymentPostprocessing = 0;
		};
		4D3D8E391BB4A1CF000C53EE /* Resources */ = {
			isa = PBXResourcesBuildPhase;
			buildActionMask = 2147483647;
			files = (
				4D3D8E3A1BB4A1CF000C53EE /* available_in_dropbox.md in Resources */,
				4D3D8E3B1BB4A1CF000C53EE /* working_with_pages.md in Resources */,
				4D3D8E3C1BB4A1CF000C53EE /* acknowledgements.md in Resources */,
				4D3D8E3D1BB4A1CF000C53EE /* IDMPBLocalizations.bundle in Resources */,
				4D3D8E3E1BB4A1CF000C53EE /* Config.production.xcconfig in Resources */,
				4D3D8E3F1BB4A1CF000C53EE /* writing_with_kiwi.md in Resources */,
				4D3D8E401BB4A1CF000C53EE /* home.md in Resources */,
				4D3D8E411BB4A1CF000C53EE /* jquery.min.js in Resources */,
				4D3D8E421BB4A1CF000C53EE /* menu@2x.png in Resources */,
				4D3D8E431BB4A1CF000C53EE /* screen.css in Resources */,
				4D3D8E441BB4A1CF000C53EE /* Config.development.xcconfig in Resources */,
				4D3D8E451BB4A1CF000C53EE /* layout.mustache in Resources */,
				4D3D8E461BB4A1CF000C53EE /* home@2x.png in Resources */,
				4D3D8E471BB4A1CF000C53EE /* auto-render-latex.min.js in Resources */,
				4D3D8E481BB4A1CF000C53EE /* Main.storyboard in Resources */,
				4D3D8E491BB4A1CF000C53EE /* links.js in Resources */,
				4D3D8E4A1BB4A1CF000C53EE /* green@2x.png in Resources */,
				4D3D8E4B1BB4A1CF000C53EE /* LaunchScreen.xib in Resources */,
				4D3D8E4C1BB4A1CF000C53EE /* prism.css in Resources */,
				4D3D8E4D1BB4A1CF000C53EE /* article.mustache in Resources */,
				4D3D8E4E1BB4A1CF000C53EE /* prism.js in Resources */,
				4D3D8E4F1BB4A1CF000C53EE /* Images.xcassets in Resources */,
				4D3D8E501BB4A1CF000C53EE /* gray@2x.png in Resources */,
				4D3D8E511BB4A1CF000C53EE /* checkmark@2x.png in Resources */,
			);
			runOnlyForDeploymentPostprocessing = 0;
		};
/* End PBXResourcesBuildPhase section */

/* Begin PBXShellScriptBuildPhase section */
		05F70F702DC93D7797BCC9ED /* [CP] Embed Pods Frameworks */ = {
			isa = PBXShellScriptBuildPhase;
			buildActionMask = 2147483647;
			files = (
			);
			inputPaths = (
			);
			name = "[CP] Embed Pods Frameworks";
			outputPaths = (
			);
			runOnlyForDeploymentPostprocessing = 0;
			shellPath = /bin/sh;
			shellScript = "\"${SRCROOT}/Pods/Target Support Files/Pods-Kiwi/Pods-Kiwi-frameworks.sh\"\n";
			showEnvVarsInLog = 0;
		};
		1D317F7B999FCA0624F03BAB /* [CP] Check Pods Manifest.lock */ = {
			isa = PBXShellScriptBuildPhase;
			buildActionMask = 2147483647;
			files = (
			);
			inputPaths = (
			);
			name = "[CP] Check Pods Manifest.lock";
			outputPaths = (
			);
			runOnlyForDeploymentPostprocessing = 0;
			shellPath = /bin/sh;
			shellScript = "diff \"${PODS_ROOT}/../Podfile.lock\" \"${PODS_ROOT}/Manifest.lock\" > /dev/null\nif [ $? != 0 ] ; then\n    # print error to STDERR\n    echo \"error: The sandbox is not in sync with the Podfile.lock. Run 'pod install' or update your CocoaPods installation.\" >&2\n    exit 1\nfi\n";
			showEnvVarsInLog = 0;
		};
		1DC5C6B18046C2B6211C2FA7 /* [CP] Copy Pods Resources */ = {
			isa = PBXShellScriptBuildPhase;
			buildActionMask = 2147483647;
			files = (
			);
			inputPaths = (
			);
			name = "[CP] Copy Pods Resources";
			outputPaths = (
			);
			runOnlyForDeploymentPostprocessing = 0;
			shellPath = /bin/sh;
			shellScript = "\"${SRCROOT}/Pods/Target Support Files/Pods-Kiwi Development/Pods-Kiwi Development-resources.sh\"\n";
			showEnvVarsInLog = 0;
		};
		4DAD4E961D9795B300B33065 /* ShellScript */ = {
			isa = PBXShellScriptBuildPhase;
			buildActionMask = 2147483647;
			files = (
			);
			inputPaths = (
			);
			outputPaths = (
			);
			runOnlyForDeploymentPostprocessing = 0;
			shellPath = /bin/sh;
			shellScript = "\"${PODS_ROOT}/Fabric/run\" 543ab8602070ec5673eb17de7821aac352a9ee04 1b4b4067ab5e1899e0980011101edc6d9ae1f1625f397b08f094bfe0eb9c12c4";
		};
		4DAD4E971D97963400B33065 /* ShellScript */ = {
			isa = PBXShellScriptBuildPhase;
			buildActionMask = 2147483647;
			files = (
			);
			inputPaths = (
			);
			outputPaths = (
			);
			runOnlyForDeploymentPostprocessing = 0;
			shellPath = /bin/sh;
			shellScript = "\"${PODS_ROOT}/Fabric/run\" 543ab8602070ec5673eb17de7821aac352a9ee04 1b4b4067ab5e1899e0980011101edc6d9ae1f1625f397b08f094bfe0eb9c12c47";
		};
		8C6E23D3649328076853A2F0 /* [CP] Copy Pods Resources */ = {
			isa = PBXShellScriptBuildPhase;
			buildActionMask = 2147483647;
			files = (
			);
			inputPaths = (
			);
			name = "[CP] Copy Pods Resources";
			outputPaths = (
			);
			runOnlyForDeploymentPostprocessing = 0;
			shellPath = /bin/sh;
			shellScript = "\"${SRCROOT}/Pods/Target Support Files/Pods-Kiwi/Pods-Kiwi-resources.sh\"\n";
			showEnvVarsInLog = 0;
		};
		DD979AE2B596B69CF82B17E5 /* [CP] Check Pods Manifest.lock */ = {
			isa = PBXShellScriptBuildPhase;
			buildActionMask = 2147483647;
			files = (
			);
			inputPaths = (
			);
			name = "[CP] Check Pods Manifest.lock";
			outputPaths = (
			);
			runOnlyForDeploymentPostprocessing = 0;
			shellPath = /bin/sh;
			shellScript = "diff \"${PODS_ROOT}/../Podfile.lock\" \"${PODS_ROOT}/Manifest.lock\" > /dev/null\nif [ $? != 0 ] ; then\n    # print error to STDERR\n    echo \"error: The sandbox is not in sync with the Podfile.lock. Run 'pod install' or update your CocoaPods installation.\" >&2\n    exit 1\nfi\n";
			showEnvVarsInLog = 0;
		};
		E8BCDD8A38230D3E1F3515EE /* [CP] Embed Pods Frameworks */ = {
			isa = PBXShellScriptBuildPhase;
			buildActionMask = 2147483647;
			files = (
			);
			inputPaths = (
			);
			name = "[CP] Embed Pods Frameworks";
			outputPaths = (
			);
			runOnlyForDeploymentPostprocessing = 0;
			shellPath = /bin/sh;
			shellScript = "\"${SRCROOT}/Pods/Target Support Files/Pods-Kiwi Development/Pods-Kiwi Development-frameworks.sh\"\n";
			showEnvVarsInLog = 0;
		};
/* End PBXShellScriptBuildPhase section */

/* Begin PBXSourcesBuildPhase section */
		4D2AAC161A9DA30300E0904B /* Sources */ = {
			isa = PBXSourcesBuildPhase;
			buildActionMask = 2147483647;
			files = (
				4D5829921C587CE50053C65A /* MarkdownTextView.swift in Sources */,
				4DC9DC981AAE252F00C64275 /* AllPagesViewController.swift in Sources */,
				4DE39A511B2CD4FD0099E757 /* hoedown_html_patch.c in Sources */,
				4D2AAC221A9DA30300E0904B /* LinkWithDropboxViewController.swift in Sources */,
				4DBE60881AA5542A003D3F34 /* Wiki.swift in Sources */,
				4DEFE25E1B9E52EA00462786 /* acknowledgements.md in Sources */,
				4D0C3BAF1B86FEC700E58333 /* Constants.swift in Sources */,
				4DEFE2611B9FF06A00462786 /* working_with_pages.md in Sources */,
				4DBE608F1AA5BDA8003D3F34 /* Hoedown.m in Sources */,
				4D0378131AA88EA600B6D841 /* writing_with_kiwi.md in Sources */,
				4DDF76A01B9E29F30034ECEE /* BaseNavigationController.swift in Sources */,
				4D4582731D94963E00EBEDD8 /* Constants.m in Sources */,
				4D2AAC201A9DA30300E0904B /* AppDelegate.swift in Sources */,
				4D36BA621DD1980E00C9408F /* Filesystem.swift in Sources */,
				4D36BA651DD1B7F800C9408F /* SyncEngine.swift in Sources */,
				4D26DBB81AB6B51A007CE00E /* YapDatabase.swift in Sources */,
				4DBE60841AA5527A003D3F34 /* Page.swift in Sources */,
				4DB9ADD61BABF4DF00131C20 /* available_in_dropbox.md in Sources */,
				4DEB69871AA94F6500FB480C /* AddPageViewController.swift in Sources */,
				4DC512F31BD7374A00E62355 /* String+NSString.swift in Sources */,
				4D7CBBAA1AA8272E00638C5C /* WikiViewController.swift in Sources */,
				4DC9DC9A1AAE837D00C64275 /* ExternalLinkViewController.swift in Sources */,
				4D664BA21BAA8ACB00EFC998 /* available_in_dropbox.md in Sources */,
				4D7CBBAC1AA8291E00638C5C /* home.md in Sources */,
			);
			runOnlyForDeploymentPostprocessing = 0;
		};
		4D2AAC2B1A9DA30300E0904B /* Sources */ = {
			isa = PBXSourcesBuildPhase;
			buildActionMask = 2147483647;
			files = (
				4D2AAC361A9DA30300E0904B /* KiwiTests.swift in Sources */,
			);
			runOnlyForDeploymentPostprocessing = 0;
		};
		4D3D8E221BB4A1CF000C53EE /* Sources */ = {
			isa = PBXSourcesBuildPhase;
			buildActionMask = 2147483647;
			files = (
				4D5829931C587CE50053C65A /* MarkdownTextView.swift in Sources */,
				4D3D8E241BB4A1CF000C53EE /* AllPagesViewController.swift in Sources */,
				4D3D8E251BB4A1CF000C53EE /* hoedown_html_patch.c in Sources */,
				4D3D8E261BB4A1CF000C53EE /* LinkWithDropboxViewController.swift in Sources */,
				4D3D8E271BB4A1CF000C53EE /* Wiki.swift in Sources */,
				4D3D8E281BB4A1CF000C53EE /* acknowledgements.md in Sources */,
				4D3D8E291BB4A1CF000C53EE /* Constants.swift in Sources */,
				4D3D8E2A1BB4A1CF000C53EE /* working_with_pages.md in Sources */,
				4D3D8E2B1BB4A1CF000C53EE /* Hoedown.m in Sources */,
				4D3D8E2C1BB4A1CF000C53EE /* writing_with_kiwi.md in Sources */,
				4D3D8E2D1BB4A1CF000C53EE /* BaseNavigationController.swift in Sources */,
				4D4582741D94963E00EBEDD8 /* Constants.m in Sources */,
				4D3D8E2E1BB4A1CF000C53EE /* AppDelegate.swift in Sources */,
				4D36BA631DD1980E00C9408F /* Filesystem.swift in Sources */,
				4D36BA661DD1B7F800C9408F /* SyncEngine.swift in Sources */,
				4D3D8E2F1BB4A1CF000C53EE /* YapDatabase.swift in Sources */,
				4D3D8E301BB4A1CF000C53EE /* Page.swift in Sources */,
				4D3D8E311BB4A1CF000C53EE /* available_in_dropbox.md in Sources */,
				4D3D8E321BB4A1CF000C53EE /* AddPageViewController.swift in Sources */,
				4DC512F41BD7374A00E62355 /* String+NSString.swift in Sources */,
				4D3D8E331BB4A1CF000C53EE /* WikiViewController.swift in Sources */,
				4D3D8E341BB4A1CF000C53EE /* ExternalLinkViewController.swift in Sources */,
				4D3D8E351BB4A1CF000C53EE /* available_in_dropbox.md in Sources */,
				4D3D8E361BB4A1CF000C53EE /* home.md in Sources */,
			);
			runOnlyForDeploymentPostprocessing = 0;
		};
/* End PBXSourcesBuildPhase section */

/* Begin PBXTargetDependency section */
		4D2AAC311A9DA30300E0904B /* PBXTargetDependency */ = {
			isa = PBXTargetDependency;
			target = 4D2AAC191A9DA30300E0904B /* Kiwi */;
			targetProxy = 4D2AAC301A9DA30300E0904B /* PBXContainerItemProxy */;
		};
/* End PBXTargetDependency section */

/* Begin PBXVariantGroup section */
		4D2AAC231A9DA30300E0904B /* Main.storyboard */ = {
			isa = PBXVariantGroup;
			children = (
				4D2AAC241A9DA30300E0904B /* Base */,
			);
			name = Main.storyboard;
			sourceTree = "<group>";
		};
		4D2AAC281A9DA30300E0904B /* LaunchScreen.xib */ = {
			isa = PBXVariantGroup;
			children = (
				4D2AAC291A9DA30300E0904B /* Base */,
			);
			name = LaunchScreen.xib;
			sourceTree = "<group>";
		};
/* End PBXVariantGroup section */

/* Begin XCBuildConfiguration section */
		4D2AAC371A9DA30300E0904B /* Debug */ = {
			isa = XCBuildConfiguration;
			baseConfigurationReference = 4D3D8E1C1BB4A064000C53EE /* Config.development.xcconfig */;
			buildSettings = {
				ALWAYS_SEARCH_USER_PATHS = NO;
				CLANG_CXX_LANGUAGE_STANDARD = "gnu++0x";
				CLANG_CXX_LIBRARY = "libc++";
				CLANG_ENABLE_MODULES = YES;
				CLANG_ENABLE_OBJC_ARC = YES;
				CLANG_WARN_BOOL_CONVERSION = YES;
				CLANG_WARN_CONSTANT_CONVERSION = YES;
				CLANG_WARN_DIRECT_OBJC_ISA_USAGE = YES_ERROR;
				CLANG_WARN_EMPTY_BODY = YES;
				CLANG_WARN_ENUM_CONVERSION = YES;
				CLANG_WARN_INT_CONVERSION = YES;
				CLANG_WARN_OBJC_ROOT_CLASS = YES_ERROR;
				CLANG_WARN_UNREACHABLE_CODE = YES;
				CLANG_WARN__DUPLICATE_METHOD_MATCH = YES;
				"CODE_SIGN_IDENTITY[sdk=iphoneos*]" = "iPhone Developer";
				COPY_PHASE_STRIP = NO;
				DEVELOPMENT_TEAM = 8E96ZSV3N3;
				ENABLE_BITCODE = NO;
				ENABLE_STRICT_OBJC_MSGSEND = YES;
				GCC_C_LANGUAGE_STANDARD = gnu99;
				GCC_DYNAMIC_NO_PIC = NO;
				GCC_OPTIMIZATION_LEVEL = 0;
				GCC_PREPROCESSOR_DEFINITIONS = (
					"DEBUG=1",
					"$(inherited)",
				);
				GCC_SYMBOLS_PRIVATE_EXTERN = NO;
				GCC_WARN_64_TO_32_BIT_CONVERSION = YES;
				GCC_WARN_ABOUT_RETURN_TYPE = YES_ERROR;
				GCC_WARN_UNDECLARED_SELECTOR = YES;
				GCC_WARN_UNINITIALIZED_AUTOS = YES_AGGRESSIVE;
				GCC_WARN_UNUSED_FUNCTION = YES;
				GCC_WARN_UNUSED_VARIABLE = YES;
				HEADER_SEARCH_PATHS = (
					"$(inherited)",
					/Applications/Xcode.app/Contents/Developer/Toolchains/XcodeDefault.xctoolchain/usr/include,
				);
				IPHONEOS_DEPLOYMENT_TARGET = 8.1;
				MTL_ENABLE_DEBUG_INFO = YES;
				ONLY_ACTIVE_ARCH = YES;
				SDKROOT = iphoneos;
				SWIFT_OPTIMIZATION_LEVEL = "-Onone";
				TARGETED_DEVICE_FAMILY = "1,2";
			};
			name = Debug;
		};
		4D2AAC381A9DA30300E0904B /* Release */ = {
			isa = XCBuildConfiguration;
			baseConfigurationReference = 4D3D8E1D1BB4A064000C53EE /* Config.production.xcconfig */;
			buildSettings = {
				ALWAYS_SEARCH_USER_PATHS = NO;
				CLANG_CXX_LANGUAGE_STANDARD = "gnu++0x";
				CLANG_CXX_LIBRARY = "libc++";
				CLANG_ENABLE_MODULES = YES;
				CLANG_ENABLE_OBJC_ARC = YES;
				CLANG_WARN_BOOL_CONVERSION = YES;
				CLANG_WARN_CONSTANT_CONVERSION = YES;
				CLANG_WARN_DIRECT_OBJC_ISA_USAGE = YES_ERROR;
				CLANG_WARN_EMPTY_BODY = YES;
				CLANG_WARN_ENUM_CONVERSION = YES;
				CLANG_WARN_INT_CONVERSION = YES;
				CLANG_WARN_OBJC_ROOT_CLASS = YES_ERROR;
				CLANG_WARN_UNREACHABLE_CODE = YES;
				CLANG_WARN__DUPLICATE_METHOD_MATCH = YES;
				"CODE_SIGN_IDENTITY[sdk=iphoneos*]" = "iPhone Developer";
				COPY_PHASE_STRIP = YES;
				DEVELOPMENT_TEAM = 8E96ZSV3N3;
				ENABLE_BITCODE = NO;
				ENABLE_NS_ASSERTIONS = NO;
				ENABLE_STRICT_OBJC_MSGSEND = YES;
				GCC_C_LANGUAGE_STANDARD = gnu99;
				GCC_WARN_64_TO_32_BIT_CONVERSION = YES;
				GCC_WARN_ABOUT_RETURN_TYPE = YES_ERROR;
				GCC_WARN_UNDECLARED_SELECTOR = YES;
				GCC_WARN_UNINITIALIZED_AUTOS = YES_AGGRESSIVE;
				GCC_WARN_UNUSED_FUNCTION = YES;
				GCC_WARN_UNUSED_VARIABLE = YES;
				HEADER_SEARCH_PATHS = (
					"$(inherited)",
					/Applications/Xcode.app/Contents/Developer/Toolchains/XcodeDefault.xctoolchain/usr/include,
				);
				IPHONEOS_DEPLOYMENT_TARGET = 8.1;
				MTL_ENABLE_DEBUG_INFO = NO;
				SDKROOT = iphoneos;
				TARGETED_DEVICE_FAMILY = "1,2";
				VALIDATE_PRODUCT = YES;
			};
			name = Release;
		};
		4D2AAC3A1A9DA30300E0904B /* Debug */ = {
			isa = XCBuildConfiguration;
			baseConfigurationReference = 4D3D8E1C1BB4A064000C53EE /* Config.development.xcconfig */;
			buildSettings = {
				ASSETCATALOG_COMPILER_APPICON_NAME = AppIcon;
				CLANG_ENABLE_MODULES = YES;
				CODE_SIGN_IDENTITY = "";
				"CODE_SIGN_IDENTITY[sdk=iphoneos*]" = "iPhone Developer";
				DEVELOPMENT_TEAM = 8E96ZSV3N3;
				FRAMEWORK_SEARCH_PATHS = (
					"$(inherited)",
					"$(PROJECT_DIR)/build/Debug-iphoneos/Pods",
				);
				INFOPLIST_FILE = Kiwi/Info.plist;
				LD_RUNPATH_SEARCH_PATHS = "$(inherited) @executable_path/Frameworks";
				PRODUCT_NAME = "$(TARGET_NAME)";
				PROVISIONING_PROFILE = "";
				"PROVISIONING_PROFILE[sdk=*]" = "";
				PROVISIONING_PROFILE_SPECIFIER = "";
				SWIFT_OBJC_BRIDGING_HEADER = "Kiwi/Kiwi-Bridging-Header.h";
				SWIFT_OPTIMIZATION_LEVEL = "-Onone";
				SWIFT_VERSION = 3.0;
			};
			name = Debug;
		};
		4D2AAC3B1A9DA30300E0904B /* Release */ = {
			isa = XCBuildConfiguration;
			baseConfigurationReference = 4D3D8E1D1BB4A064000C53EE /* Config.production.xcconfig */;
			buildSettings = {
				ASSETCATALOG_COMPILER_APPICON_NAME = AppIcon;
				CLANG_ENABLE_MODULES = YES;
				CODE_SIGN_IDENTITY = "";
				"CODE_SIGN_IDENTITY[sdk=iphoneos*]" = "iPhone Developer";
				DEVELOPMENT_TEAM = 8E96ZSV3N3;
				FRAMEWORK_SEARCH_PATHS = (
					"$(inherited)",
					"$(PROJECT_DIR)/build/Debug-iphoneos/Pods",
				);
				INFOPLIST_FILE = Kiwi/Info.plist;
				LD_RUNPATH_SEARCH_PATHS = "$(inherited) @executable_path/Frameworks";
				PRODUCT_NAME = "$(TARGET_NAME)";
				PROVISIONING_PROFILE = "";
				PROVISIONING_PROFILE_SPECIFIER = "";
				SWIFT_OBJC_BRIDGING_HEADER = "Kiwi/Kiwi-Bridging-Header.h";
				SWIFT_VERSION = 3.0;
			};
			name = Release;
		};
		4D2AAC3D1A9DA30300E0904B /* Debug */ = {
			isa = XCBuildConfiguration;
			buildSettings = {
				BUNDLE_LOADER = "$(TEST_HOST)";
				FRAMEWORK_SEARCH_PATHS = (
					"$(SDKROOT)/Developer/Library/Frameworks",
					"$(inherited)",
				);
				GCC_PREPROCESSOR_DEFINITIONS = (
					"DEBUG=1",
					"$(inherited)",
				);
				INFOPLIST_FILE = KiwiTests/Info.plist;
				LD_RUNPATH_SEARCH_PATHS = "$(inherited) @executable_path/Frameworks @loader_path/Frameworks";
				PRODUCT_NAME = KiwiTests;
				TEST_HOST = "$(BUILT_PRODUCTS_DIR)/Kiwi.app/Kiwi";
			};
			name = Debug;
		};
		4D2AAC3E1A9DA30300E0904B /* Release */ = {
			isa = XCBuildConfiguration;
			buildSettings = {
				BUNDLE_LOADER = "$(TEST_HOST)";
				FRAMEWORK_SEARCH_PATHS = (
					"$(SDKROOT)/Developer/Library/Frameworks",
					"$(inherited)",
				);
				INFOPLIST_FILE = KiwiTests/Info.plist;
				LD_RUNPATH_SEARCH_PATHS = "$(inherited) @executable_path/Frameworks @loader_path/Frameworks";
				PRODUCT_NAME = KiwiTests;
				TEST_HOST = "$(BUILT_PRODUCTS_DIR)/Kiwi.app/Kiwi";
			};
			name = Release;
		};
		4D3D8E551BB4A1CF000C53EE /* Debug */ = {
			isa = XCBuildConfiguration;
			baseConfigurationReference = 4D3D8E1C1BB4A064000C53EE /* Config.development.xcconfig */;
			buildSettings = {
				ASSETCATALOG_COMPILER_APPICON_NAME = AppIcon;
				CLANG_ENABLE_MODULES = YES;
				CODE_SIGN_IDENTITY = "iPhone Developer";
				"CODE_SIGN_IDENTITY[sdk=iphoneos*]" = "iPhone Developer";
				DEVELOPMENT_TEAM = 8E96ZSV3N3;
				FRAMEWORK_SEARCH_PATHS = (
					"$(inherited)",
					"$(PROJECT_DIR)/build/Debug-iphoneos/Pods",
				);
				INFOPLIST_FILE = "$(SRCROOT)/KiwiDevelopment.plist";
				LD_RUNPATH_SEARCH_PATHS = "$(inherited) @executable_path/Frameworks";
				PRODUCT_NAME = KiwiDev;
				PROVISIONING_PROFILE = "";
				SWIFT_OBJC_BRIDGING_HEADER = "Kiwi/Kiwi-Bridging-Header.h";
				SWIFT_OPTIMIZATION_LEVEL = "-Onone";
				SWIFT_VERSION = 3.0;
			};
			name = Debug;
		};
		4D3D8E561BB4A1CF000C53EE /* Release */ = {
			isa = XCBuildConfiguration;
			baseConfigurationReference = 4D3D8E1D1BB4A064000C53EE /* Config.production.xcconfig */;
			buildSettings = {
				ASSETCATALOG_COMPILER_APPICON_NAME = AppIcon;
				CLANG_ENABLE_MODULES = YES;
				CODE_SIGN_IDENTITY = "iPhone Developer";
				"CODE_SIGN_IDENTITY[sdk=iphoneos*]" = "iPhone Developer";
				DEVELOPMENT_TEAM = 8E96ZSV3N3;
				FRAMEWORK_SEARCH_PATHS = (
					"$(inherited)",
					"$(PROJECT_DIR)/build/Debug-iphoneos/Pods",
				);
				INFOPLIST_FILE = "$(SRCROOT)/KiwiDevelopment.plist";
				LD_RUNPATH_SEARCH_PATHS = "$(inherited) @executable_path/Frameworks";
				PRODUCT_NAME = KiwiDev;
				PROVISIONING_PROFILE = "";
				SWIFT_OBJC_BRIDGING_HEADER = "Kiwi/Kiwi-Bridging-Header.h";
				SWIFT_VERSION = 3.0;
			};
			name = Release;
		};
/* End XCBuildConfiguration section */

/* Begin XCConfigurationList section */
		4D2AAC151A9DA30300E0904B /* Build configuration list for PBXProject "Kiwi" */ = {
			isa = XCConfigurationList;
			buildConfigurations = (
				4D2AAC371A9DA30300E0904B /* Debug */,
				4D2AAC381A9DA30300E0904B /* Release */,
			);
			defaultConfigurationIsVisible = 0;
			defaultConfigurationName = Release;
		};
		4D2AAC391A9DA30300E0904B /* Build configuration list for PBXNativeTarget "Kiwi" */ = {
			isa = XCConfigurationList;
			buildConfigurations = (
				4D2AAC3A1A9DA30300E0904B /* Debug */,
				4D2AAC3B1A9DA30300E0904B /* Release */,
			);
			defaultConfigurationIsVisible = 0;
			defaultConfigurationName = Release;
		};
		4D2AAC3C1A9DA30300E0904B /* Build configuration list for PBXNativeTarget "KiwiTests" */ = {
			isa = XCConfigurationList;
			buildConfigurations = (
				4D2AAC3D1A9DA30300E0904B /* Debug */,
				4D2AAC3E1A9DA30300E0904B /* Release */,
			);
			defaultConfigurationIsVisible = 0;
			defaultConfigurationName = Release;
		};
		4D3D8E541BB4A1CF000C53EE /* Build configuration list for PBXNativeTarget "Kiwi Development" */ = {
			isa = XCConfigurationList;
			buildConfigurations = (
				4D3D8E551BB4A1CF000C53EE /* Debug */,
				4D3D8E561BB4A1CF000C53EE /* Release */,
			);
			defaultConfigurationIsVisible = 0;
			defaultConfigurationName = Release;
		};
/* End XCConfigurationList section */
	};
	rootObject = 4D2AAC121A9DA30300E0904B /* Project object */;
}
